
Microsoft Visual Studio Solution File, Format Version 12.00
# Visual Studio 14
VisualStudioVersion = 14.0.25420.1
MinimumVisualStudioVersion = 10.0.40219.1
Project("{FAE04EC0-301F-11D3-BF4B-00C04F79EFBC}") = "CsBlinkyLibraryConsumer", "CsBlinkyLibraryConsumer\CsBlinkyLibraryConsumer.csproj", "{16CF9090-B0F9-434B-AC2F-1B149F637FE7}"
EndProject
Project("{8BC9CEB8-8B4A-11D0-8D11-00A0C91BC942}") = "ArduinoLedLibrary", "ArduinoLedLibrary\ArduinoLedLibrary.vcxproj", "{91358FDB-972F-4FCF-A13C-6D531D8CE9EF}"
EndProject
Project("{8BC9CEB8-8B4A-11D0-8D11-00A0C91BC942}") = "LedWiring", "LedWiring\LedWiring.vcxproj", "{A896F06F-3FD3-443D-B84A-3C42991956EB}"
EndProject
Project("{9092AA53-FB77-4645-B42D-1CCCA6BD08BD}") = "NodeListener", "NodeListener\NodeListener.njsproj", "{5B0526B9-8264-4FFF-AB19-9563F4EAE61D}"
EndProject
Project("{FAE04EC0-301F-11D3-BF4B-00C04F79EFBC}") = "HardwareController", "YoDawg\HardwareController.csproj", "{CA94DD8C-A70A-4004-9B95-D8EE847BF8BA}"
EndProject
Global
	GlobalSection(SolutionConfigurationPlatforms) = preSolution
		Debug|Any CPU = Debug|Any CPU
		Debug|ARM = Debug|ARM
		Debug|x64 = Debug|x64
		Debug|x86 = Debug|x86
		Release|Any CPU = Release|Any CPU
		Release|ARM = Release|ARM
		Release|x64 = Release|x64
		Release|x86 = Release|x86
	EndGlobalSection
	GlobalSection(ProjectConfigurationPlatforms) = postSolution
		{16CF9090-B0F9-434B-AC2F-1B149F637FE7}.Debug|Any CPU.ActiveCfg = Debug|x86
		{16CF9090-B0F9-434B-AC2F-1B149F637FE7}.Debug|ARM.ActiveCfg = Debug|ARM
		{16CF9090-B0F9-434B-AC2F-1B149F637FE7}.Debug|ARM.Build.0 = Debug|ARM
		{16CF9090-B0F9-434B-AC2F-1B149F637FE7}.Debug|ARM.Deploy.0 = Debug|ARM
		{16CF9090-B0F9-434B-AC2F-1B149F637FE7}.Debug|x64.ActiveCfg = Debug|x64
		{16CF9090-B0F9-434B-AC2F-1B149F637FE7}.Debug|x64.Build.0 = Debug|x64
		{16CF9090-B0F9-434B-AC2F-1B149F637FE7}.Debug|x64.Deploy.0 = Debug|x64
		{16CF9090-B0F9-434B-AC2F-1B149F637FE7}.Debug|x86.ActiveCfg = Debug|x86
		{16CF9090-B0F9-434B-AC2F-1B149F637FE7}.Debug|x86.Build.0 = Debug|x86
		{16CF9090-B0F9-434B-AC2F-1B149F637FE7}.Debug|x86.Deploy.0 = Debug|x86
		{16CF9090-B0F9-434B-AC2F-1B149F637FE7}.Release|Any CPU.ActiveCfg = Release|x86
		{16CF9090-B0F9-434B-AC2F-1B149F637FE7}.Release|ARM.ActiveCfg = Release|ARM
		{16CF9090-B0F9-434B-AC2F-1B149F637FE7}.Release|ARM.Build.0 = Release|ARM
		{16CF9090-B0F9-434B-AC2F-1B149F637FE7}.Release|ARM.Deploy.0 = Release|ARM
		{16CF9090-B0F9-434B-AC2F-1B149F637FE7}.Release|x64.ActiveCfg = Release|x64
		{16CF9090-B0F9-434B-AC2F-1B149F637FE7}.Release|x64.Build.0 = Release|x64
		{16CF9090-B0F9-434B-AC2F-1B149F637FE7}.Release|x64.Deploy.0 = Release|x64
		{16CF9090-B0F9-434B-AC2F-1B149F637FE7}.Release|x86.ActiveCfg = Release|x86
		{16CF9090-B0F9-434B-AC2F-1B149F637FE7}.Release|x86.Build.0 = Release|x86
		{16CF9090-B0F9-434B-AC2F-1B149F637FE7}.Release|x86.Deploy.0 = Release|x86
		{91358FDB-972F-4FCF-A13C-6D531D8CE9EF}.Debug|Any CPU.ActiveCfg = Debug|Win32
		{91358FDB-972F-4FCF-A13C-6D531D8CE9EF}.Debug|ARM.ActiveCfg = Debug|ARM
		{91358FDB-972F-4FCF-A13C-6D531D8CE9EF}.Debug|ARM.Build.0 = Debug|ARM
		{91358FDB-972F-4FCF-A13C-6D531D8CE9EF}.Debug|ARM.Deploy.0 = Debug|ARM
		{91358FDB-972F-4FCF-A13C-6D531D8CE9EF}.Debug|x64.ActiveCfg = Debug|x64
		{91358FDB-972F-4FCF-A13C-6D531D8CE9EF}.Debug|x64.Build.0 = Debug|x64
		{91358FDB-972F-4FCF-A13C-6D531D8CE9EF}.Debug|x64.Deploy.0 = Debug|x64
		{91358FDB-972F-4FCF-A13C-6D531D8CE9EF}.Debug|x86.ActiveCfg = Debug|Win32
		{91358FDB-972F-4FCF-A13C-6D531D8CE9EF}.Debug|x86.Build.0 = Debug|Win32
		{91358FDB-972F-4FCF-A13C-6D531D8CE9EF}.Debug|x86.Deploy.0 = Debug|Win32
		{91358FDB-972F-4FCF-A13C-6D531D8CE9EF}.Release|Any CPU.ActiveCfg = Release|Win32
		{91358FDB-972F-4FCF-A13C-6D531D8CE9EF}.Release|ARM.ActiveCfg = Release|ARM
		{91358FDB-972F-4FCF-A13C-6D531D8CE9EF}.Release|ARM.Build.0 = Release|ARM
		{91358FDB-972F-4FCF-A13C-6D531D8CE9EF}.Release|ARM.Deploy.0 = Release|ARM
		{91358FDB-972F-4FCF-A13C-6D531D8CE9EF}.Release|x64.ActiveCfg = Release|x64
		{91358FDB-972F-4FCF-A13C-6D531D8CE9EF}.Release|x64.Build.0 = Release|x64
		{91358FDB-972F-4FCF-A13C-6D531D8CE9EF}.Release|x64.Deploy.0 = Release|x64
		{91358FDB-972F-4FCF-A13C-6D531D8CE9EF}.Release|x86.ActiveCfg = Release|Win32
		{91358FDB-972F-4FCF-A13C-6D531D8CE9EF}.Release|x86.Build.0 = Release|Win32
		{91358FDB-972F-4FCF-A13C-6D531D8CE9EF}.Release|x86.Deploy.0 = Release|Win32
		{A896F06F-3FD3-443D-B84A-3C42991956EB}.Debug|Any CPU.ActiveCfg = Debug|Win32
		{A896F06F-3FD3-443D-B84A-3C42991956EB}.Debug|ARM.ActiveCfg = Debug|ARM
		{A896F06F-3FD3-443D-B84A-3C42991956EB}.Debug|ARM.Build.0 = Debug|ARM
		{A896F06F-3FD3-443D-B84A-3C42991956EB}.Debug|ARM.Deploy.0 = Debug|ARM
		{A896F06F-3FD3-443D-B84A-3C42991956EB}.Debug|x64.ActiveCfg = Debug|x64
		{A896F06F-3FD3-443D-B84A-3C42991956EB}.Debug|x64.Build.0 = Debug|x64
		{A896F06F-3FD3-443D-B84A-3C42991956EB}.Debug|x64.Deploy.0 = Debug|x64
		{A896F06F-3FD3-443D-B84A-3C42991956EB}.Debug|x86.ActiveCfg = Debug|Win32
		{A896F06F-3FD3-443D-B84A-3C42991956EB}.Debug|x86.Build.0 = Debug|Win32
		{A896F06F-3FD3-443D-B84A-3C42991956EB}.Debug|x86.Deploy.0 = Debug|Win32
		{A896F06F-3FD3-443D-B84A-3C42991956EB}.Release|Any CPU.ActiveCfg = Release|Win32
		{A896F06F-3FD3-443D-B84A-3C42991956EB}.Release|ARM.ActiveCfg = Release|ARM
		{A896F06F-3FD3-443D-B84A-3C42991956EB}.Release|ARM.Build.0 = Release|ARM
		{A896F06F-3FD3-443D-B84A-3C42991956EB}.Release|ARM.Deploy.0 = Release|ARM
		{A896F06F-3FD3-443D-B84A-3C42991956EB}.Release|x64.ActiveCfg = Release|x64
		{A896F06F-3FD3-443D-B84A-3C42991956EB}.Release|x64.Build.0 = Release|x64
		{A896F06F-3FD3-443D-B84A-3C42991956EB}.Release|x64.Deploy.0 = Release|x64
		{A896F06F-3FD3-443D-B84A-3C42991956EB}.Release|x86.ActiveCfg = Release|Win32
		{A896F06F-3FD3-443D-B84A-3C42991956EB}.Release|x86.Build.0 = Release|Win32
		{A896F06F-3FD3-443D-B84A-3C42991956EB}.Release|x86.Deploy.0 = Release|Win32
		{5B0526B9-8264-4FFF-AB19-9563F4EAE61D}.Debug|Any CPU.ActiveCfg = Debug|x86
		{5B0526B9-8264-4FFF-AB19-9563F4EAE61D}.Debug|ARM.ActiveCfg = Debug|ARM
		{5B0526B9-8264-4FFF-AB19-9563F4EAE61D}.Debug|ARM.Build.0 = Debug|ARM
		{5B0526B9-8264-4FFF-AB19-9563F4EAE61D}.Debug|ARM.Deploy.0 = Debug|ARM
		{5B0526B9-8264-4FFF-AB19-9563F4EAE61D}.Debug|x64.ActiveCfg = Debug|x64
		{5B0526B9-8264-4FFF-AB19-9563F4EAE61D}.Debug|x64.Build.0 = Debug|x64
		{5B0526B9-8264-4FFF-AB19-9563F4EAE61D}.Debug|x64.Deploy.0 = Debug|x64
		{5B0526B9-8264-4FFF-AB19-9563F4EAE61D}.Debug|x86.ActiveCfg = Debug|x86
		{5B0526B9-8264-4FFF-AB19-9563F4EAE61D}.Debug|x86.Build.0 = Debug|x86
		{5B0526B9-8264-4FFF-AB19-9563F4EAE61D}.Debug|x86.Deploy.0 = Debug|x86
		{5B0526B9-8264-4FFF-AB19-9563F4EAE61D}.Release|Any CPU.ActiveCfg = Release|x86
		{5B0526B9-8264-4FFF-AB19-9563F4EAE61D}.Release|ARM.ActiveCfg = Release|ARM
		{5B0526B9-8264-4FFF-AB19-9563F4EAE61D}.Release|ARM.Build.0 = Release|ARM
		{5B0526B9-8264-4FFF-AB19-9563F4EAE61D}.Release|ARM.Deploy.0 = Release|ARM
		{5B0526B9-8264-4FFF-AB19-9563F4EAE61D}.Release|x64.ActiveCfg = Release|x64
		{5B0526B9-8264-4FFF-AB19-9563F4EAE61D}.Release|x64.Build.0 = Release|x64
		{5B0526B9-8264-4FFF-AB19-9563F4EAE61D}.Release|x64.Deploy.0 = Release|x64
		{5B0526B9-8264-4FFF-AB19-9563F4EAE61D}.Release|x86.ActiveCfg = Release|x86
		{5B0526B9-8264-4FFF-AB19-9563F4EAE61D}.Release|x86.Build.0 = Release|x86
		{5B0526B9-8264-4FFF-AB19-9563F4EAE61D}.Release|x86.Deploy.0 = Release|x86
		{CA94DD8C-A70A-4004-9B95-D8EE847BF8BA}.Debug|Any CPU.ActiveCfg = Debug|Any CPU
		{CA94DD8C-A70A-4004-9B95-D8EE847BF8BA}.Debug|Any CPU.Build.0 = Debug|Any CPU
		{CA94DD8C-A70A-4004-9B95-D8EE847BF8BA}.Debug|ARM.ActiveCfg = Debug|ARM
		{CA94DD8C-A70A-4004-9B95-D8EE847BF8BA}.Debug|ARM.Build.0 = Debug|ARM
		{CA94DD8C-A70A-4004-9B95-D8EE847BF8BA}.Debug|x64.ActiveCfg = Debug|x64
		{CA94DD8C-A70A-4004-9B95-D8EE847BF8BA}.Debug|x64.Build.0 = Debug|x64
		{CA94DD8C-A70A-4004-9B95-D8EE847BF8BA}.Debug|x86.ActiveCfg = Debug|x86
		{CA94DD8C-A70A-4004-9B95-D8EE847BF8BA}.Debug|x86.Build.0 = Debug|x86
		{CA94DD8C-A70A-4004-9B95-D8EE847BF8BA}.Release|Any CPU.ActiveCfg = Release|Any CPU
		{CA94DD8C-A70A-4004-9B95-D8EE847BF8BA}.Release|Any CPU.Build.0 = Release|Any CPU
		{CA94DD8C-A70A-4004-9B95-D8EE847BF8BA}.Release|ARM.ActiveCfg = Release|ARM
		{CA94DD8C-A70A-4004-9B95-D8EE847BF8BA}.Release|ARM.Build.0 = Release|ARM
		{CA94DD8C-A70A-4004-9B95-D8EE847BF8BA}.Release|x64.ActiveCfg = Release|x64
		{CA94DD8C-A70A-4004-9B95-D8EE847BF8BA}.Release|x64.Build.0 = Release|x64
		{CA94DD8C-A70A-4004-9B95-D8EE847BF8BA}.Release|x86.ActiveCfg = Release|x86
		{CA94DD8C-A70A-4004-9B95-D8EE847BF8BA}.Release|x86.Build.0 = Release|x86
	EndGlobalSection
	GlobalSection(SolutionProperties) = preSolution
		HideSolutionNode = FALSE
	EndGlobalSection
EndGlobal
